// !$*UTF8*$!
{
	archiveVersion = 1;
	classes = {
	};
	objectVersion = 50;
	objects = {

/* Begin PBXBuildFile section */
		257F9E9DE4C3AE484DBCFA1B /* Pods_duren.framework in Frameworks */ = {isa = PBXBuildFile; fileRef = E5A57E8B6DC2DC26763131BB /* Pods_duren.framework */; };
		42023BA8224B5D3D0037C514 /* LeaderboardViewController.swift in Sources */ = {isa = PBXBuildFile; fileRef = 42023BA7224B5D3D0037C514 /* LeaderboardViewController.swift */; };
		4246631E224A2588008C84C9 /* LoginScreenViewController.swift in Sources */ = {isa = PBXBuildFile; fileRef = 4246631D224A2588008C84C9 /* LoginScreenViewController.swift */; };
		726FF148224CA97B00B31AEE /* StockViewController.swift in Sources */ = {isa = PBXBuildFile; fileRef = 726FF147224CA97B00B31AEE /* StockViewController.swift */; };
		728ABFAA224CCD070006FCAF /* PortfolioViewController.swift in Sources */ = {isa = PBXBuildFile; fileRef = 728ABFA9224CCD070006FCAF /* PortfolioViewController.swift */; };
		72C2EA5B2252237A00A8171B /* GoogleService-Info.plist in Resources */ = {isa = PBXBuildFile; fileRef = 72C2EA5A2252237A00A8171B /* GoogleService-Info.plist */; };
		72DD2F2A2248DAD100A9CDBA /* AppDelegate.swift in Sources */ = {isa = PBXBuildFile; fileRef = 72DD2F292248DAD100A9CDBA /* AppDelegate.swift */; };
		72DD2F2C2248DAD100A9CDBA /* ViewController.swift in Sources */ = {isa = PBXBuildFile; fileRef = 72DD2F2B2248DAD100A9CDBA /* ViewController.swift */; };
		72DD2F2F2248DAD100A9CDBA /* Main.storyboard in Resources */ = {isa = PBXBuildFile; fileRef = 72DD2F2D2248DAD100A9CDBA /* Main.storyboard */; };
		72DD2F322248DAD100A9CDBA /* duren.xcdatamodeld in Sources */ = {isa = PBXBuildFile; fileRef = 72DD2F302248DAD100A9CDBA /* duren.xcdatamodeld */; };
		72DD2F342248DAD200A9CDBA /* Assets.xcassets in Resources */ = {isa = PBXBuildFile; fileRef = 72DD2F332248DAD200A9CDBA /* Assets.xcassets */; };
		72DD2F372248DAD200A9CDBA /* LaunchScreen.storyboard in Resources */ = {isa = PBXBuildFile; fileRef = 72DD2F352248DAD200A9CDBA /* LaunchScreen.storyboard */; };
		C0285768224E142E00CC9427 /* forumViewController.swift in Sources */ = {isa = PBXBuildFile; fileRef = C0285767224E142E00CC9427 /* forumViewController.swift */; };
		C0E93DD0224A34740064F569 /* splashScreen.swift in Sources */ = {isa = PBXBuildFile; fileRef = C0E93DCF224A34740064F569 /* splashScreen.swift */; };
/* End PBXBuildFile section */

/* Begin PBXFileReference section */
		0CEC6F678D7FE06F0B30CA06 /* Pods-duren.release.xcconfig */ = {isa = PBXFileReference; includeInIndex = 1; lastKnownFileType = text.xcconfig; name = "Pods-duren.release.xcconfig"; path = "Target Support Files/Pods-duren/Pods-duren.release.xcconfig"; sourceTree = "<group>"; };
		42023BA7224B5D3D0037C514 /* LeaderboardViewController.swift */ = {isa = PBXFileReference; lastKnownFileType = sourcecode.swift; path = LeaderboardViewController.swift; sourceTree = "<group>"; };
		4246631D224A2588008C84C9 /* LoginScreenViewController.swift */ = {isa = PBXFileReference; lastKnownFileType = sourcecode.swift; path = LoginScreenViewController.swift; sourceTree = "<group>"; };
		726FF147224CA97B00B31AEE /* StockViewController.swift */ = {isa = PBXFileReference; lastKnownFileType = sourcecode.swift; path = StockViewController.swift; sourceTree = "<group>"; };
		728ABFA9224CCD070006FCAF /* PortfolioViewController.swift */ = {isa = PBXFileReference; lastKnownFileType = sourcecode.swift; path = PortfolioViewController.swift; sourceTree = "<group>"; };
		72C2EA5A2252237A00A8171B /* GoogleService-Info.plist */ = {isa = PBXFileReference; fileEncoding = 4; lastKnownFileType = text.plist.xml; path = "GoogleService-Info.plist"; sourceTree = "<group>"; };
		72DD2F262248DAD100A9CDBA /* duren.app */ = {isa = PBXFileReference; explicitFileType = wrapper.application; includeInIndex = 0; path = duren.app; sourceTree = BUILT_PRODUCTS_DIR; };
		72DD2F292248DAD100A9CDBA /* AppDelegate.swift */ = {isa = PBXFileReference; lastKnownFileType = sourcecode.swift; path = AppDelegate.swift; sourceTree = "<group>"; };
		72DD2F2B2248DAD100A9CDBA /* ViewController.swift */ = {isa = PBXFileReference; lastKnownFileType = sourcecode.swift; path = ViewController.swift; sourceTree = "<group>"; };
		72DD2F2E2248DAD100A9CDBA /* Base */ = {isa = PBXFileReference; lastKnownFileType = file.storyboard; name = Base; path = Base.lproj/Main.storyboard; sourceTree = "<group>"; };
		72DD2F312248DAD100A9CDBA /* duren.xcdatamodel */ = {isa = PBXFileReference; lastKnownFileType = wrapper.xcdatamodel; path = duren.xcdatamodel; sourceTree = "<group>"; };
		72DD2F332248DAD200A9CDBA /* Assets.xcassets */ = {isa = PBXFileReference; lastKnownFileType = folder.assetcatalog; path = Assets.xcassets; sourceTree = "<group>"; };
		72DD2F362248DAD200A9CDBA /* Base */ = {isa = PBXFileReference; lastKnownFileType = file.storyboard; name = Base; path = Base.lproj/LaunchScreen.storyboard; sourceTree = "<group>"; };
		72DD2F382248DAD200A9CDBA /* Info.plist */ = {isa = PBXFileReference; lastKnownFileType = text.plist.xml; path = Info.plist; sourceTree = "<group>"; };
		99C51BC599ECF5D908D04B98 /* Pods-duren.debug.xcconfig */ = {isa = PBXFileReference; includeInIndex = 1; lastKnownFileType = text.xcconfig; name = "Pods-duren.debug.xcconfig"; path = "Target Support Files/Pods-duren/Pods-duren.debug.xcconfig"; sourceTree = "<group>"; };
		C0285767224E142E00CC9427 /* forumViewController.swift */ = {isa = PBXFileReference; lastKnownFileType = sourcecode.swift; path = forumViewController.swift; sourceTree = "<group>"; };
		C0E93DCF224A34740064F569 /* splashScreen.swift */ = {isa = PBXFileReference; lastKnownFileType = sourcecode.swift; path = splashScreen.swift; sourceTree = "<group>"; };
		E5A57E8B6DC2DC26763131BB /* Pods_duren.framework */ = {isa = PBXFileReference; explicitFileType = wrapper.framework; includeInIndex = 0; path = Pods_duren.framework; sourceTree = BUILT_PRODUCTS_DIR; };
/* End PBXFileReference section */

/* Begin PBXFrameworksBuildPhase section */
		72DD2F232248DAD100A9CDBA /* Frameworks */ = {
			isa = PBXFrameworksBuildPhase;
			buildActionMask = 2147483647;
			files = (
				257F9E9DE4C3AE484DBCFA1B /* Pods_duren.framework in Frameworks */,
			);
			runOnlyForDeploymentPostprocessing = 0;
		};
/* End PBXFrameworksBuildPhase section */

/* Begin PBXGroup section */
		72DD2F1D2248DAD100A9CDBA = {
			isa = PBXGroup;
			children = (
				72DD2F282248DAD100A9CDBA /* duren */,
				72DD2F272248DAD100A9CDBA /* Products */,
				A0479FBD86C7DCA5346A651B /* Pods */,
				B251826A9A4D99D6EC3A4295 /* Frameworks */,
			);
			sourceTree = "<group>";
		};
		72DD2F272248DAD100A9CDBA /* Products */ = {
			isa = PBXGroup;
			children = (
				72DD2F262248DAD100A9CDBA /* duren.app */,
			);
			name = Products;
			sourceTree = "<group>";
		};
		72DD2F282248DAD100A9CDBA /* duren */ = {
			isa = PBXGroup;
			children = (
				72DD2F292248DAD100A9CDBA /* AppDelegate.swift */,
				72DD2F2B2248DAD100A9CDBA /* ViewController.swift */,
				72DD2F2D2248DAD100A9CDBA /* Main.storyboard */,
				C0285767224E142E00CC9427 /* forumViewController.swift */,
				72DD2F332248DAD200A9CDBA /* Assets.xcassets */,
				72DD2F352248DAD200A9CDBA /* LaunchScreen.storyboard */,
				72DD2F382248DAD200A9CDBA /* Info.plist */,
				72C2EA5A2252237A00A8171B /* GoogleService-Info.plist */,
				72DD2F302248DAD100A9CDBA /* duren.xcdatamodeld */,
				4246631D224A2588008C84C9 /* LoginScreenViewController.swift */,
				C0E93DCF224A34740064F569 /* splashScreen.swift */,
				42023BA7224B5D3D0037C514 /* LeaderboardViewController.swift */,
				726FF147224CA97B00B31AEE /* StockViewController.swift */,
				728ABFA9224CCD070006FCAF /* PortfolioViewController.swift */,
			);
			path = duren;
			sourceTree = "<group>";
		};
		A0479FBD86C7DCA5346A651B /* Pods */ = {
			isa = PBXGroup;
			children = (
				99C51BC599ECF5D908D04B98 /* Pods-duren.debug.xcconfig */,
				0CEC6F678D7FE06F0B30CA06 /* Pods-duren.release.xcconfig */,
			);
			path = Pods;
			sourceTree = "<group>";
		};
		B251826A9A4D99D6EC3A4295 /* Frameworks */ = {
			isa = PBXGroup;
			children = (
				E5A57E8B6DC2DC26763131BB /* Pods_duren.framework */,
			);
			name = Frameworks;
			sourceTree = "<group>";
		};
/* End PBXGroup section */

/* Begin PBXNativeTarget section */
		72DD2F252248DAD100A9CDBA /* duren */ = {
			isa = PBXNativeTarget;
			buildConfigurationList = 72DD2F3B2248DAD200A9CDBA /* Build configuration list for PBXNativeTarget "duren" */;
			buildPhases = (
				8294A6DA8CC39188AF1A61A6 /* [CP] Check Pods Manifest.lock */,
				72DD2F222248DAD100A9CDBA /* Sources */,
				72DD2F232248DAD100A9CDBA /* Frameworks */,
				72DD2F242248DAD100A9CDBA /* Resources */,
				0C193A155E8ACD546DB5166F /* [CP] Embed Pods Frameworks */,
			);
			buildRules = (
			);
			dependencies = (
			);
			name = duren;
			productName = duren;
			productReference = 72DD2F262248DAD100A9CDBA /* duren.app */;
			productType = "com.apple.product-type.application";
		};
/* End PBXNativeTarget section */

/* Begin PBXProject section */
		72DD2F1E2248DAD100A9CDBA /* Project object */ = {
			isa = PBXProject;
			attributes = {
				LastSwiftUpdateCheck = 1010;
				LastUpgradeCheck = 1010;
				ORGANIZATIONNAME = "Baskoro Nugroho";
				TargetAttributes = {
					72DD2F252248DAD100A9CDBA = {
						CreatedOnToolsVersion = 10.1;
					};
				};
			};
			buildConfigurationList = 72DD2F212248DAD100A9CDBA /* Build configuration list for PBXProject "duren" */;
			compatibilityVersion = "Xcode 9.3";
			developmentRegion = en;
			hasScannedForEncodings = 0;
			knownRegions = (
				en,
				Base,
			);
			mainGroup = 72DD2F1D2248DAD100A9CDBA;
			productRefGroup = 72DD2F272248DAD100A9CDBA /* Products */;
			projectDirPath = "";
			projectRoot = "";
			targets = (
				72DD2F252248DAD100A9CDBA /* duren */,
			);
		};
/* End PBXProject section */

/* Begin PBXResourcesBuildPhase section */
		72DD2F242248DAD100A9CDBA /* Resources */ = {
			isa = PBXResourcesBuildPhase;
			buildActionMask = 2147483647;
			files = (
				72DD2F372248DAD200A9CDBA /* LaunchScreen.storyboard in Resources */,
				72C2EA5B2252237A00A8171B /* GoogleService-Info.plist in Resources */,
				72DD2F342248DAD200A9CDBA /* Assets.xcassets in Resources */,
				72DD2F2F2248DAD100A9CDBA /* Main.storyboard in Resources */,
			);
			runOnlyForDeploymentPostprocessing = 0;
		};
/* End PBXResourcesBuildPhase section */

/* Begin PBXShellScriptBuildPhase section */
		0C193A155E8ACD546DB5166F /* [CP] Embed Pods Frameworks */ = {
			isa = PBXShellScriptBuildPhase;
			buildActionMask = 2147483647;
			files = (
			);
			inputFileListPaths = (
			);
			inputPaths = (
				"${PODS_ROOT}/Target Support Files/Pods-duren/Pods-duren-frameworks.sh",
				"${BUILT_PRODUCTS_DIR}/Alamofire/Alamofire.framework",
				"${BUILT_PRODUCTS_DIR}/ChameleonFramework/ChameleonFramework.framework",
				"${BUILT_PRODUCTS_DIR}/Charts/Charts.framework",
				"${BUILT_PRODUCTS_DIR}/GTMSessionFetcher/GTMSessionFetcher.framework",
				"${BUILT_PRODUCTS_DIR}/GoogleUtilities/GoogleUtilities.framework",
				"${BUILT_PRODUCTS_DIR}/SVProgressHUD/SVProgressHUD.framework",
				"${BUILT_PRODUCTS_DIR}/SwiftyJSON/SwiftyJSON.framework",
				"${BUILT_PRODUCTS_DIR}/leveldb-library/leveldb.framework",
				"${BUILT_PRODUCTS_DIR}/nanopb/nanopb.framework",
			);
			name = "[CP] Embed Pods Frameworks";
			outputFileListPaths = (
			);
			outputPaths = (
				"${TARGET_BUILD_DIR}/${FRAMEWORKS_FOLDER_PATH}/Alamofire.framework",
				"${TARGET_BUILD_DIR}/${FRAMEWORKS_FOLDER_PATH}/ChameleonFramework.framework",
				"${TARGET_BUILD_DIR}/${FRAMEWORKS_FOLDER_PATH}/Charts.framework",
				"${TARGET_BUILD_DIR}/${FRAMEWORKS_FOLDER_PATH}/GTMSessionFetcher.framework",
				"${TARGET_BUILD_DIR}/${FRAMEWORKS_FOLDER_PATH}/GoogleUtilities.framework",
				"${TARGET_BUILD_DIR}/${FRAMEWORKS_FOLDER_PATH}/SVProgressHUD.framework",
				"${TARGET_BUILD_DIR}/${FRAMEWORKS_FOLDER_PATH}/SwiftyJSON.framework",
				"${TARGET_BUILD_DIR}/${FRAMEWORKS_FOLDER_PATH}/leveldb.framework",
				"${TARGET_BUILD_DIR}/${FRAMEWORKS_FOLDER_PATH}/nanopb.framework",
			);
			runOnlyForDeploymentPostprocessing = 0;
			shellPath = /bin/sh;
			shellScript = "\"${PODS_ROOT}/Target Support Files/Pods-duren/Pods-duren-frameworks.sh\"\n";
			showEnvVarsInLog = 0;
		};
		8294A6DA8CC39188AF1A61A6 /* [CP] Check Pods Manifest.lock */ = {
			isa = PBXShellScriptBuildPhase;
			buildActionMask = 2147483647;
			files = (
			);
			inputFileListPaths = (
			);
			inputPaths = (
				"${PODS_PODFILE_DIR_PATH}/Podfile.lock",
				"${PODS_ROOT}/Manifest.lock",
			);
			name = "[CP] Check Pods Manifest.lock";
			outputFileListPaths = (
			);
			outputPaths = (
				"$(DERIVED_FILE_DIR)/Pods-duren-checkManifestLockResult.txt",
			);
			runOnlyForDeploymentPostprocessing = 0;
			shellPath = /bin/sh;
			shellScript = "diff \"${PODS_PODFILE_DIR_PATH}/Podfile.lock\" \"${PODS_ROOT}/Manifest.lock\" > /dev/null\nif [ $? != 0 ] ; then\n    # print error to STDERR\n    echo \"error: The sandbox is not in sync with the Podfile.lock. Run 'pod install' or update your CocoaPods installation.\" >&2\n    exit 1\nfi\n# This output is used by Xcode 'outputs' to avoid re-running this script phase.\necho \"SUCCESS\" > \"${SCRIPT_OUTPUT_FILE_0}\"\n";
			showEnvVarsInLog = 0;
		};
/* End PBXShellScriptBuildPhase section */

/* Begin PBXSourcesBuildPhase section */
		72DD2F222248DAD100A9CDBA /* Sources */ = {
			isa = PBXSourcesBuildPhase;
			buildActionMask = 2147483647;
			files = (
				42023BA8224B5D3D0037C514 /* LeaderboardViewController.swift in Sources */,
				726FF148224CA97B00B31AEE /* StockViewController.swift in Sources */,
				C0E93DD0224A34740064F569 /* splashScreen.swift in Sources */,
				C0285768224E142E00CC9427 /* forumViewController.swift in Sources */,
				72DD2F2C2248DAD100A9CDBA /* ViewController.swift in Sources */,
				72DD2F322248DAD100A9CDBA /* duren.xcdatamodeld in Sources */,
				728ABFAA224CCD070006FCAF /* PortfolioViewController.swift in Sources */,
				4246631E224A2588008C84C9 /* LoginScreenViewController.swift in Sources */,
				72DD2F2A2248DAD100A9CDBA /* AppDelegate.swift in Sources */,
			);
			runOnlyForDeploymentPostprocessing = 0;
		};
/* End PBXSourcesBuildPhase section */

/* Begin PBXVariantGroup section */
		72DD2F2D2248DAD100A9CDBA /* Main.storyboard */ = {
			isa = PBXVariantGroup;
			children = (
				72DD2F2E2248DAD100A9CDBA /* Base */,
			);
			name = Main.storyboard;
			sourceTree = "<group>";
		};
		72DD2F352248DAD200A9CDBA /* LaunchScreen.storyboard */ = {
			isa = PBXVariantGroup;
			children = (
				72DD2F362248DAD200A9CDBA /* Base */,
			);
			name = LaunchScreen.storyboard;
			sourceTree = "<group>";
		};
/* End PBXVariantGroup section */

/* Begin XCBuildConfiguration section */
		72DD2F392248DAD200A9CDBA /* Debug */ = {
			isa = XCBuildConfiguration;
			buildSettings = {
				ALWAYS_SEARCH_USER_PATHS = NO;
				CLANG_ANALYZER_NONNULL = YES;
				CLANG_ANALYZER_NUMBER_OBJECT_CONVERSION = YES_AGGRESSIVE;
				CLANG_CXX_LANGUAGE_STANDARD = "gnu++14";
				CLANG_CXX_LIBRARY = "libc++";
				CLANG_ENABLE_MODULES = YES;
				CLANG_ENABLE_OBJC_ARC = YES;
				CLANG_ENABLE_OBJC_WEAK = YES;
				CLANG_WARN_BLOCK_CAPTURE_AUTORELEASING = YES;
				CLANG_WARN_BOOL_CONVERSION = YES;
				CLANG_WARN_COMMA = YES;
				CLANG_WARN_CONSTANT_CONVERSION = YES;
				CLANG_WARN_DEPRECATED_OBJC_IMPLEMENTATIONS = YES;
				CLANG_WARN_DIRECT_OBJC_ISA_USAGE = YES_ERROR;
				CLANG_WARN_DOCUMENTATION_COMMENTS = YES;
				CLANG_WARN_EMPTY_BODY = YES;
				CLANG_WARN_ENUM_CONVERSION = YES;
				CLANG_WARN_INFINITE_RECURSION = YES;
				CLANG_WARN_INT_CONVERSION = YES;
				CLANG_WARN_NON_LITERAL_NULL_CONVERSION = YES;
				CLANG_WARN_OBJC_IMPLICIT_RETAIN_SELF = YES;
				CLANG_WARN_OBJC_LITERAL_CONVERSION = YES;
				CLANG_WARN_OBJC_ROOT_CLASS = YES_ERROR;
				CLANG_WARN_RANGE_LOOP_ANALYSIS = YES;
				CLANG_WARN_STRICT_PROTOTYPES = YES;
				CLANG_WARN_SUSPICIOUS_MOVE = YES;
				CLANG_WARN_UNGUARDED_AVAILABILITY = YES_AGGRESSIVE;
				CLANG_WARN_UNREACHABLE_CODE = YES;
				CLANG_WARN__DUPLICATE_METHOD_MATCH = YES;
				CODE_SIGN_IDENTITY = "iPhone Developer";
				COPY_PHASE_STRIP = NO;
				DEBUG_INFORMATION_FORMAT = dwarf;
				ENABLE_STRICT_OBJC_MSGSEND = YES;
				ENABLE_TESTABILITY = YES;
				GCC_C_LANGUAGE_STANDARD = gnu11;
				GCC_DYNAMIC_NO_PIC = NO;
				GCC_NO_COMMON_BLOCKS = YES;
				GCC_OPTIMIZATION_LEVEL = 0;
				GCC_PREPROCESSOR_DEFINITIONS = (
					"DEBUG=1",
					"$(inherited)",
				);
				GCC_WARN_64_TO_32_BIT_CONVERSION = YES;
				GCC_WARN_ABOUT_RETURN_TYPE = YES_ERROR;
				GCC_WARN_UNDECLARED_SELECTOR = YES;
				GCC_WARN_UNINITIALIZED_AUTOS = YES_AGGRESSIVE;
				GCC_WARN_UNUSED_FUNCTION = YES;
				GCC_WARN_UNUSED_VARIABLE = YES;
				IPHONEOS_DEPLOYMENT_TARGET = 12.1;
				MTL_ENABLE_DEBUG_INFO = INCLUDE_SOURCE;
				MTL_FAST_MATH = YES;
				ONLY_ACTIVE_ARCH = YES;
				SDKROOT = iphoneos;
				SWIFT_ACTIVE_COMPILATION_CONDITIONS = DEBUG;
				SWIFT_OPTIMIZATION_LEVEL = "-Onone";
			};
			name = Debug;
		};
		72DD2F3A2248DAD200A9CDBA /* Release */ = {
			isa = XCBuildConfiguration;
			buildSettings = {
				ALWAYS_SEARCH_USER_PATHS = NO;
				CLANG_ANALYZER_NONNULL = YES;
				CLANG_ANALYZER_NUMBER_OBJECT_CONVERSION = YES_AGGRESSIVE;
				CLANG_CXX_LANGUAGE_STANDARD = "gnu++14";
				CLANG_CXX_LIBRARY = "libc++";
				CLANG_ENABLE_MODULES = YES;
				CLANG_ENABLE_OBJC_ARC = YES;
				CLANG_ENABLE_OBJC_WEAK = YES;
				CLANG_WARN_BLOCK_CAPTURE_AUTORELEASING = YES;
				CLANG_WARN_BOOL_CONVERSION = YES;
				CLANG_WARN_COMMA = YES;
				CLANG_WARN_CONSTANT_CONVERSION = YES;
				CLANG_WARN_DEPRECATED_OBJC_IMPLEMENTATIONS = YES;
				CLANG_WARN_DIRECT_OBJC_ISA_USAGE = YES_ERROR;
				CLANG_WARN_DOCUMENTATION_COMMENTS = YES;
				CLANG_WARN_EMPTY_BODY = YES;
				CLANG_WARN_ENUM_CONVERSION = YES;
				CLANG_WARN_INFINITE_RECURSION = YES;
				CLANG_WARN_INT_CONVERSION = YES;
				CLANG_WARN_NON_LITERAL_NULL_CONVERSION = YES;
				CLANG_WARN_OBJC_IMPLICIT_RETAIN_SELF = YES;
				CLANG_WARN_OBJC_LITERAL_CONVERSION = YES;
				CLANG_WARN_OBJC_ROOT_CLASS = YES_ERROR;
				CLANG_WARN_RANGE_LOOP_ANALYSIS = YES;
				CLANG_WARN_STRICT_PROTOTYPES = YES;
				CLANG_WARN_SUSPICIOUS_MOVE = YES;
				CLANG_WARN_UNGUARDED_AVAILABILITY = YES_AGGRESSIVE;
				CLANG_WARN_UNREACHABLE_CODE = YES;
				CLANG_WARN__DUPLICATE_METHOD_MATCH = YES;
				CODE_SIGN_IDENTITY = "iPhone Developer";
				COPY_PHASE_STRIP = NO;
				DEBUG_INFORMATION_FORMAT = "dwarf-with-dsym";
				ENABLE_NS_ASSERTIONS = NO;
				ENABLE_STRICT_OBJC_MSGSEND = YES;
				GCC_C_LANGUAGE_STANDARD = gnu11;
				GCC_NO_COMMON_BLOCKS = YES;
				GCC_WARN_64_TO_32_BIT_CONVERSION = YES;
				GCC_WARN_ABOUT_RETURN_TYPE = YES_ERROR;
				GCC_WARN_UNDECLARED_SELECTOR = YES;
				GCC_WARN_UNINITIALIZED_AUTOS = YES_AGGRESSIVE;
				GCC_WARN_UNUSED_FUNCTION = YES;
				GCC_WARN_UNUSED_VARIABLE = YES;
				IPHONEOS_DEPLOYMENT_TARGET = 12.1;
				MTL_ENABLE_DEBUG_INFO = NO;
				MTL_FAST_MATH = YES;
				SDKROOT = iphoneos;
				SWIFT_COMPILATION_MODE = wholemodule;
				SWIFT_OPTIMIZATION_LEVEL = "-O";
				VALIDATE_PRODUCT = YES;
			};
			name = Release;
		};
		72DD2F3C2248DAD200A9CDBA /* Debug */ = {
			isa = XCBuildConfiguration;
			baseConfigurationReference = 99C51BC599ECF5D908D04B98 /* Pods-duren.debug.xcconfig */;
			buildSettings = {
				ASSETCATALOG_COMPILER_APPICON_NAME = AppIcon;
				CODE_SIGN_STYLE = Automatic;
				DEVELOPMENT_TEAM = 7YNSGQYQJ6;
				INFOPLIST_FILE = duren/Info.plist;
				LD_RUNPATH_SEARCH_PATHS = (
					"$(inherited)",
					"@executable_path/Frameworks",
				);
				PRODUCT_BUNDLE_IDENTIFIER = com.basnugroho.duren;
				PRODUCT_NAME = "$(TARGET_NAME)";
				SWIFT_VERSION = 4.2;
				TARGETED_DEVICE_FAMILY = 1;
			};
			name = Debug;
		};
		72DD2F3D2248DAD200A9CDBA /* Release */ = {
			isa = XCBuildConfiguration;
			baseConfigurationReference = 0CEC6F678D7FE06F0B30CA06 /* Pods-duren.release.xcconfig */;
			buildSettings = {
				ASSETCATALOG_COMPILER_APPICON_NAME = AppIcon;
				CODE_SIGN_STYLE = Automatic;
				DEVELOPMENT_TEAM = 7YNSGQYQJ6;
				INFOPLIST_FILE = duren/Info.plist;
				LD_RUNPATH_SEARCH_PATHS = (
					"$(inherited)",
					"@executable_path/Frameworks",
				);
				PRODUCT_BUNDLE_IDENTIFIER = com.basnugroho.duren;
				PRODUCT_NAME = "$(TARGET_NAME)";
				SWIFT_VERSION = 4.2;
				TARGETED_DEVICE_FAMILY = 1;
			};
			name = Release;
		};
/* End XCBuildConfiguration section */

/* Begin XCConfigurationList section */
		72DD2F212248DAD100A9CDBA /* Build configuration list for PBXProject "duren" */ = {
			isa = XCConfigurationList;
			buildConfigurations = (
				72DD2F392248DAD200A9CDBA /* Debug */,
				72DD2F3A2248DAD200A9CDBA /* Release */,
			);
			defaultConfigurationIsVisible = 0;
			defaultConfigurationName = Release;
		};
		72DD2F3B2248DAD200A9CDBA /* Build configuration list for PBXNativeTarget "duren" */ = {
			isa = XCConfigurationList;
			buildConfigurations = (
				72DD2F3C2248DAD200A9CDBA /* Debug */,
				72DD2F3D2248DAD200A9CDBA /* Release */,
			);
			defaultConfigurationIsVisible = 0;
			defaultConfigurationName = Release;
		};
/* End XCConfigurationList section */

/* Begin XCVersionGroup section */
		72DD2F302248DAD100A9CDBA /* duren.xcdatamodeld */ = {
			isa = XCVersionGroup;
			children = (
				72DD2F312248DAD100A9CDBA /* duren.xcdatamodel */,
			);
			currentVersion = 72DD2F312248DAD100A9CDBA /* duren.xcdatamodel */;
			path = duren.xcdatamodeld;
			sourceTree = "<group>";
			versionGroupType = wrapper.xcdatamodel;
		};
/* End XCVersionGroup section */
	};
	rootObject = 72DD2F1E2248DAD100A9CDBA /* Project object */;
}
